
Microsoft Visual Studio Solution File, Format Version 12.00
# Visual Studio Version 17
VisualStudioVersion = 17.8.34004.107
MinimumVisualStudioVersion = 10.0.40219.1
Project("{FAE04EC0-301F-11D3-BF4B-00C04F79EFBC}") = "FreakFightsFan.Blazor", "FreakFightsFan.Blazor\FreakFightsFan.Blazor.csproj", "{CA5FCF00-1C91-43E8-B89D-26B1359DF9C3}"
EndProject
Project("{FAE04EC0-301F-11D3-BF4B-00C04F79EFBC}") = "FreakFightsFan.Shared", "FreakFightsFan.Shared\FreakFightsFan.Shared.csproj", "{4996E55D-E15B-40EE-832B-368256D86289}"
EndProject
Project("{FAE04EC0-301F-11D3-BF4B-00C04F79EFBC}") = "FreakFightsFan.Api", "FreakFightsFan.Api\FreakFightsFan.Api.csproj", "{44C78D1A-1CD8-4582-AA1F-9760AD131680}"
EndProject
Global
	GlobalSection(SolutionConfigurationPlatforms) = preSolution
		Debug|Any CPU = Debug|Any CPU
		Release|Any CPU = Release|Any CPU
	EndGlobalSection
	GlobalSection(ProjectConfigurationPlatforms) = postSolution
		{CA5FCF00-1C91-43E8-B89D-26B1359DF9C3}.Debug|Any CPU.ActiveCfg = Debug|Any CPU
		{CA5FCF00-1C91-43E8-B89D-26B1359DF9C3}.Debug|Any CPU.Build.0 = Debug|Any CPU
		{CA5FCF00-1C91-43E8-B89D-26B1359DF9C3}.Release|Any CPU.ActiveCfg = Release|Any CPU
		{CA5FCF00-1C91-43E8-B89D-26B1359DF9C3}.Release|Any CPU.Build.0 = Release|Any CPU
		{4996E55D-E15B-40EE-832B-368256D86289}.Debug|Any CPU.ActiveCfg = Debug|Any CPU
		{4996E55D-E15B-40EE-832B-368256D86289}.Debug|Any CPU.Build.0 = Debug|Any CPU
		{4996E55D-E15B-40EE-832B-368256D86289}.Release|Any CPU.ActiveCfg = Release|Any CPU
		{4996E55D-E15B-40EE-832B-368256D86289}.Release|Any CPU.Build.0 = Release|Any CPU
		{44C78D1A-1CD8-4582-AA1F-9760AD131680}.Debug|Any CPU.ActiveCfg = Debug|Any CPU
		{44C78D1A-1CD8-4582-AA1F-9760AD131680}.Debug|Any CPU.Build.0 = Debug|Any CPU
		{44C78D1A-1CD8-4582-AA1F-9760AD131680}.Release|Any CPU.ActiveCfg = Release|Any CPU
		{44C78D1A-1CD8-4582-AA1F-9760AD131680}.Release|Any CPU.Build.0 = Release|Any CPU
	EndGlobalSection
	GlobalSection(SolutionProperties) = preSolution
		HideSolutionNode = FALSE
	EndGlobalSection
	GlobalSection(ExtensibilityGlobals) = postSolution
		SolutionGuid = {86E8587C-F05C-418D-B740-B14F2F8DB1EA}
	EndGlobalSection
EndGlobal
